
Microsoft Visual Studio Solution File, Format Version 12.00
# Visual Studio Version 17
VisualStudioVersion = 17.0.31903.59
MinimumVisualStudioVersion = 10.0.40219.1
Project("{2150E333-8FDC-42A3-9474-1A3956D46DE8}") = "Apps", "Apps", "{CF821BDE-BED2-4EBA-87C0-D15D41917E56}"
EndProject
Project("{FAE04EC0-301F-11D3-BF4B-00C04F79EFBC}") = "LibraryApi.Domains", "Apps\LibraryApi.Domains\LibraryApi.Domains.csproj", "{4AF13FF5-4B83-4C8B-9446-07F4373BCFB6}"
EndProject
Project("{2150E333-8FDC-42A3-9474-1A3956D46DE8}") = "Tests", "Tests", "{7E38C5A6-221D-4DAC-BBFB-75954AAF763D}"
EndProject
Project("{FAE04EC0-301F-11D3-BF4B-00C04F79EFBC}") = "LibraryApi.Domains.Tests", "Tests\LibraryApi.Domains.Tests\LibraryApi.Domains.Tests.csproj", "{1CF66961-71CB-4005-BBAE-DC2E9B41967E}"
EndProject
Project("{FAE04EC0-301F-11D3-BF4B-00C04F79EFBC}") = "LibraryApi.Infrastructures", "Apps\LibraryApi.Infrastructures\LibraryApi.Infrastructures.csproj", "{F0ECFDDE-60B9-4AFD-8E65-6B3825E33CD7}"
EndProject
Project("{FAE04EC0-301F-11D3-BF4B-00C04F79EFBC}") = "LibraryApi.Infrastructures.Tests", "Tests\LibraryApi.Infrastructures.Tests\LibraryApi.Infrastructures.Tests.csproj", "{94D8DFF7-2180-4DFB-AEE5-42562FDEFFDF}"
EndProject
Project("{FAE04EC0-301F-11D3-BF4B-00C04F79EFBC}") = "LibraryApi.Presentations", "Apps\LibraryApi.Presentations\LibraryApi.Presentations.csproj", "{8F4C391D-FE5F-4EFC-A3CD-0F7D8E8CB11B}"
EndProject
Project("{FAE04EC0-301F-11D3-BF4B-00C04F79EFBC}") = "LibraryApi.Applications", "Apps\LibraryApi.Applications\LibraryApi.Applications.csproj", "{CC807F15-C6F3-45E3-8829-41A82E17986D}"
EndProject
Project("{FAE04EC0-301F-11D3-BF4B-00C04F79EFBC}") = "LibraryApi.Applications.Tests", "Tests\LibraryApi.Applications.Tests\LibraryApi.Applications.Tests.csproj", "{24B7AC0F-3DFE-4E37-A0AD-CD814D809596}"
EndProject
Project("{FAE04EC0-301F-11D3-BF4B-00C04F79EFBC}") = "LibraryApi.Presentations.Tests", "Tests\LibraryApi.Presentations.Tests\LibraryApi.Presentations.Tests.csproj", "{C8403FAD-4A9B-4D02-B081-A73D9A3AF24C}"
EndProject
Global
	GlobalSection(SolutionConfigurationPlatforms) = preSolution
		Debug|Any CPU = Debug|Any CPU
		Release|Any CPU = Release|Any CPU
	EndGlobalSection
	GlobalSection(SolutionProperties) = preSolution
		HideSolutionNode = FALSE
	EndGlobalSection
	GlobalSection(ProjectConfigurationPlatforms) = postSolution
		{4AF13FF5-4B83-4C8B-9446-07F4373BCFB6}.Debug|Any CPU.ActiveCfg = Debug|Any CPU
		{4AF13FF5-4B83-4C8B-9446-07F4373BCFB6}.Debug|Any CPU.Build.0 = Debug|Any CPU
		{4AF13FF5-4B83-4C8B-9446-07F4373BCFB6}.Release|Any CPU.ActiveCfg = Release|Any CPU
		{4AF13FF5-4B83-4C8B-9446-07F4373BCFB6}.Release|Any CPU.Build.0 = Release|Any CPU
		{1CF66961-71CB-4005-BBAE-DC2E9B41967E}.Debug|Any CPU.ActiveCfg = Debug|Any CPU
		{1CF66961-71CB-4005-BBAE-DC2E9B41967E}.Debug|Any CPU.Build.0 = Debug|Any CPU
		{1CF66961-71CB-4005-BBAE-DC2E9B41967E}.Release|Any CPU.ActiveCfg = Release|Any CPU
		{1CF66961-71CB-4005-BBAE-DC2E9B41967E}.Release|Any CPU.Build.0 = Release|Any CPU
		{F0ECFDDE-60B9-4AFD-8E65-6B3825E33CD7}.Debug|Any CPU.ActiveCfg = Debug|Any CPU
		{F0ECFDDE-60B9-4AFD-8E65-6B3825E33CD7}.Debug|Any CPU.Build.0 = Debug|Any CPU
		{F0ECFDDE-60B9-4AFD-8E65-6B3825E33CD7}.Release|Any CPU.ActiveCfg = Release|Any CPU
		{F0ECFDDE-60B9-4AFD-8E65-6B3825E33CD7}.Release|Any CPU.Build.0 = Release|Any CPU
		{94D8DFF7-2180-4DFB-AEE5-42562FDEFFDF}.Debug|Any CPU.ActiveCfg = Debug|Any CPU
		{94D8DFF7-2180-4DFB-AEE5-42562FDEFFDF}.Debug|Any CPU.Build.0 = Debug|Any CPU
		{94D8DFF7-2180-4DFB-AEE5-42562FDEFFDF}.Release|Any CPU.ActiveCfg = Release|Any CPU
		{94D8DFF7-2180-4DFB-AEE5-42562FDEFFDF}.Release|Any CPU.Build.0 = Release|Any CPU
		{8F4C391D-FE5F-4EFC-A3CD-0F7D8E8CB11B}.Debug|Any CPU.ActiveCfg = Debug|Any CPU
		{8F4C391D-FE5F-4EFC-A3CD-0F7D8E8CB11B}.Debug|Any CPU.Build.0 = Debug|Any CPU
		{8F4C391D-FE5F-4EFC-A3CD-0F7D8E8CB11B}.Release|Any CPU.ActiveCfg = Release|Any CPU
		{8F4C391D-FE5F-4EFC-A3CD-0F7D8E8CB11B}.Release|Any CPU.Build.0 = Release|Any CPU
		{CC807F15-C6F3-45E3-8829-41A82E17986D}.Debug|Any CPU.ActiveCfg = Debug|Any CPU
		{CC807F15-C6F3-45E3-8829-41A82E17986D}.Debug|Any CPU.Build.0 = Debug|Any CPU
		{CC807F15-C6F3-45E3-8829-41A82E17986D}.Release|Any CPU.ActiveCfg = Release|Any CPU
		{CC807F15-C6F3-45E3-8829-41A82E17986D}.Release|Any CPU.Build.0 = Release|Any CPU
		{24B7AC0F-3DFE-4E37-A0AD-CD814D809596}.Debug|Any CPU.ActiveCfg = Debug|Any CPU
		{24B7AC0F-3DFE-4E37-A0AD-CD814D809596}.Debug|Any CPU.Build.0 = Debug|Any CPU
		{24B7AC0F-3DFE-4E37-A0AD-CD814D809596}.Release|Any CPU.ActiveCfg = Release|Any CPU
		{24B7AC0F-3DFE-4E37-A0AD-CD814D809596}.Release|Any CPU.Build.0 = Release|Any CPU
		{C8403FAD-4A9B-4D02-B081-A73D9A3AF24C}.Debug|Any CPU.ActiveCfg = Debug|Any CPU
		{C8403FAD-4A9B-4D02-B081-A73D9A3AF24C}.Debug|Any CPU.Build.0 = Debug|Any CPU
		{C8403FAD-4A9B-4D02-B081-A73D9A3AF24C}.Release|Any CPU.ActiveCfg = Release|Any CPU
		{C8403FAD-4A9B-4D02-B081-A73D9A3AF24C}.Release|Any CPU.Build.0 = Release|Any CPU
	EndGlobalSection
	GlobalSection(NestedProjects) = preSolution
		{4AF13FF5-4B83-4C8B-9446-07F4373BCFB6} = {CF821BDE-BED2-4EBA-87C0-D15D41917E56}
		{1CF66961-71CB-4005-BBAE-DC2E9B41967E} = {7E38C5A6-221D-4DAC-BBFB-75954AAF763D}
		{F0ECFDDE-60B9-4AFD-8E65-6B3825E33CD7} = {CF821BDE-BED2-4EBA-87C0-D15D41917E56}
		{94D8DFF7-2180-4DFB-AEE5-42562FDEFFDF} = {7E38C5A6-221D-4DAC-BBFB-75954AAF763D}
		{8F4C391D-FE5F-4EFC-A3CD-0F7D8E8CB11B} = {CF821BDE-BED2-4EBA-87C0-D15D41917E56}
		{CC807F15-C6F3-45E3-8829-41A82E17986D} = {CF821BDE-BED2-4EBA-87C0-D15D41917E56}
		{24B7AC0F-3DFE-4E37-A0AD-CD814D809596} = {7E38C5A6-221D-4DAC-BBFB-75954AAF763D}
		{C8403FAD-4A9B-4D02-B081-A73D9A3AF24C} = {7E38C5A6-221D-4DAC-BBFB-75954AAF763D}
	EndGlobalSection
EndGlobal
